{
  "version": "2",
  "remote": {
    "https://deno.land/std@0.187.0/fmt/colors.ts": "d67e3cd9f472535241a8e410d33423980bec45047e343577554d3356e1f0ef4e",
    "https://deno.land/std@0.187.0/streams/write_all.ts": "aec90152978581ea62d56bb53a5cbf487e6a89c902f87c5969681ffbdf32b998",
    "https://deno.land/std@0.187.0/types.d.ts": "dbaeb2c4d7c526db9828fc8df89d8aecf53b9ced72e0c4568f97ddd8cda616a4",
    "https://deno.land/x/logger@v1.1.1/date.ts": "09041dc83c9cddb489b875f45b07336dd894c23b9dd5b47235b94180571a2efa",
    "https://deno.land/x/logger@v1.1.1/deps.ts": "35d9214ccbbbdfac2770cdc51eec94618978bd0454bccfedb75c7987cf1294e8",
    "https://deno.land/x/logger@v1.1.1/eol.ts": "493acd048c546fd48bcd26365d4dadf3db81ce32c4611ca5b0b19e6de9f9826a",
    "https://deno.land/x/logger@v1.1.1/fs.ts": "7d1c7261e9f15d25c6c09df43169a4665bd9da7e2413534aa294f4b184f3fa4e",
    "https://deno.land/x/logger@v1.1.1/interface.ts": "7bca0b861b894e914508aab1afdd7e42e598695a50a3efe9db54be8ba4ab3b0e",
    "https://deno.land/x/logger@v1.1.1/logger.ts": "7fcae38aac2e379129ba43010e43d8fba7fe24e66d7a1a40bbbd8a74d32fc938",
    "https://deno.land/x/logger@v1.1.1/stdout.ts": "364b6ca8c016c9e67d457d12aa028a448e4b8af7a78965e42de824fb969a9ccb",
    "https://deno.land/x/logger@v1.1.1/types.ts": "ff4fcb574d926f0189b6cba89194c369ad037a9d219ea76085619d18e7b31cd9",
    "https://deno.land/x/logger@v1.1.1/writable.ts": "bb60ba4a798a10ac1649e30598c0c346055c0dcacb8f1e9452e4f66ea6680a45",
    "https://deno.land/x/logger@v1.1.1/writer.ts": "539ff3a1bdefef897ca1d13d387ee4d84d6491f460020454e9158076f5e09221"
  }
}
